// !$*UTF8*$!
{
	archiveVersion = 1;
	classes = {
	};
	objectVersion = 56;
	objects = {

/* Begin PBXBuildFile section */
		BE1C54852B7E8E1800F597AE /* ContentView.swift in Sources */ = {isa = PBXBuildFile; fileRef = BE225D692B7E88EA00B3BDA1 /* ContentView.swift */; };
		BE1C54862B7E8E1800F597AE /* ReorderDemoApp.swift in Sources */ = {isa = PBXBuildFile; fileRef = BE225D682B7E88EA00B3BDA1 /* ReorderDemoApp.swift */; };
		BE1C54872B7E8E1800F597AE /* Persistence.swift in Sources */ = {isa = PBXBuildFile; fileRef = BE225D622B7E88EA00B3BDA1 /* Persistence.swift */; };
		BE1C54882B7E8E1C00F597AE /* Assets.xcassets in Resources */ = {isa = PBXBuildFile; fileRef = BE225D632B7E88EA00B3BDA1 /* Assets.xcassets */; };
		BE1C548A2B7E8E2E00F597AE /* HealthAppTests.swift in Sources */ = {isa = PBXBuildFile; fileRef = BE1C54802B7E8B8C00F597AE /* HealthAppTests.swift */; };
		BE1C548B2B7E8E3400F597AE /* HealthAppUITests.swift in Sources */ = {isa = PBXBuildFile; fileRef = BE1C54832B7E8B8C00F597AE /* HealthAppUITests.swift */; };
		BE1C548C2B7E8E3400F597AE /* HealthAppUITestsLaunchTests.swift in Sources */ = {isa = PBXBuildFile; fileRef = BE1C54822B7E8B8C00F597AE /* HealthAppUITestsLaunchTests.swift */; };
		BE1C548F2B7E8ED800F597AE /* ReorderDemo.xcdatamodeld in Sources */ = {isa = PBXBuildFile; fileRef = BE1C548D2B7E8EB200F597AE /* ReorderDemo.xcdatamodeld */; };
		BE67CBED2B84006400EFA590 /* Seeder.swift in Sources */ = {isa = PBXBuildFile; fileRef = BE67CBEC2B84006400EFA590 /* Seeder.swift */; };
/* End PBXBuildFile section */

/* Begin PBXContainerItemProxy section */
		BECA1D8D2B7C0D4E001D51FF /* PBXContainerItemProxy */ = {
			isa = PBXContainerItemProxy;
			containerPortal = BECA1D6F2B7C0D4D001D51FF /* Project object */;
			proxyType = 1;
			remoteGlobalIDString = BECA1D762B7C0D4D001D51FF;
			remoteInfo = ReorderDemo;
		};
		BECA1D972B7C0D4E001D51FF /* PBXContainerItemProxy */ = {
			isa = PBXContainerItemProxy;
			containerPortal = BECA1D6F2B7C0D4D001D51FF /* Project object */;
			proxyType = 1;
			remoteGlobalIDString = BECA1D762B7C0D4D001D51FF;
			remoteInfo = ReorderDemo;
		};
/* End PBXContainerItemProxy section */

/* Begin PBXFileReference section */
		BE1C54802B7E8B8C00F597AE /* HealthAppTests.swift */ = {isa = PBXFileReference; lastKnownFileType = sourcecode.swift; path = HealthAppTests.swift; sourceTree = "<group>"; };
		BE1C54822B7E8B8C00F597AE /* HealthAppUITestsLaunchTests.swift */ = {isa = PBXFileReference; lastKnownFileType = sourcecode.swift; path = HealthAppUITestsLaunchTests.swift; sourceTree = "<group>"; };
		BE1C54832B7E8B8C00F597AE /* HealthAppUITests.swift */ = {isa = PBXFileReference; lastKnownFileType = sourcecode.swift; path = HealthAppUITests.swift; sourceTree = "<group>"; };
		BE1C548E2B7E8EB200F597AE /* ReorderDemo.xcdatamodel */ = {isa = PBXFileReference; lastKnownFileType = wrapper.xcdatamodel; path = ReorderDemo.xcdatamodel; sourceTree = "<group>"; };
		BE225D622B7E88EA00B3BDA1 /* Persistence.swift */ = {isa = PBXFileReference; lastKnownFileType = sourcecode.swift; path = Persistence.swift; sourceTree = "<group>"; };
		BE225D632B7E88EA00B3BDA1 /* Assets.xcassets */ = {isa = PBXFileReference; lastKnownFileType = folder.assetcatalog; path = Assets.xcassets; sourceTree = "<group>"; };
		BE225D652B7E88EA00B3BDA1 /* Preview Assets.xcassets */ = {isa = PBXFileReference; lastKnownFileType = folder.assetcatalog; path = "Preview Assets.xcassets"; sourceTree = "<group>"; };
		BE225D682B7E88EA00B3BDA1 /* ReorderDemoApp.swift */ = {isa = PBXFileReference; lastKnownFileType = sourcecode.swift; path = ReorderDemoApp.swift; sourceTree = "<group>"; };
		BE225D692B7E88EA00B3BDA1 /* ContentView.swift */ = {isa = PBXFileReference; lastKnownFileType = sourcecode.swift; path = ContentView.swift; sourceTree = "<group>"; };
		BE67CBEC2B84006400EFA590 /* Seeder.swift */ = {isa = PBXFileReference; lastKnownFileType = sourcecode.swift; path = Seeder.swift; sourceTree = "<group>"; };
		BECA1D772B7C0D4D001D51FF /* ReorderDemo.app */ = {isa = PBXFileReference; explicitFileType = wrapper.application; includeInIndex = 0; path = ReorderDemo.app; sourceTree = BUILT_PRODUCTS_DIR; };
		BECA1D8C2B7C0D4E001D51FF /* ReorderDemoTests.xctest */ = {isa = PBXFileReference; explicitFileType = wrapper.cfbundle; includeInIndex = 0; path = ReorderDemoTests.xctest; sourceTree = BUILT_PRODUCTS_DIR; };
		BECA1D962B7C0D4E001D51FF /* ReorderDemoUITests.xctest */ = {isa = PBXFileReference; explicitFileType = wrapper.cfbundle; includeInIndex = 0; path = ReorderDemoUITests.xctest; sourceTree = BUILT_PRODUCTS_DIR; };
		BEDEFB122B7E800200286BE3 /* README.md */ = {isa = PBXFileReference; lastKnownFileType = net.daringfireball.markdown; path = README.md; sourceTree = "<group>"; };
/* End PBXFileReference section */

/* Begin PBXFrameworksBuildPhase section */
		BECA1D742B7C0D4D001D51FF /* Frameworks */ = {
			isa = PBXFrameworksBuildPhase;
			buildActionMask = 2147483647;
			files = (
			);
			runOnlyForDeploymentPostprocessing = 0;
		};
		BECA1D892B7C0D4E001D51FF /* Frameworks */ = {
			isa = PBXFrameworksBuildPhase;
			buildActionMask = 2147483647;
			files = (
			);
			runOnlyForDeploymentPostprocessing = 0;
		};
		BECA1D932B7C0D4E001D51FF /* Frameworks */ = {
			isa = PBXFrameworksBuildPhase;
			buildActionMask = 2147483647;
			files = (
			);
			runOnlyForDeploymentPostprocessing = 0;
		};
/* End PBXFrameworksBuildPhase section */

/* Begin PBXGroup section */
		BE1C547F2B7E8B8C00F597AE /* ReorderDemoTests */ = {
			isa = PBXGroup;
			children = (
				BE1C54802B7E8B8C00F597AE /* HealthAppTests.swift */,
			);
			path = ReorderDemoTests;
			sourceTree = "<group>";
		};
		BE1C54812B7E8B8C00F597AE /* ReorderDemoUITests */ = {
			isa = PBXGroup;
			children = (
				BE1C54822B7E8B8C00F597AE /* HealthAppUITestsLaunchTests.swift */,
				BE1C54832B7E8B8C00F597AE /* HealthAppUITests.swift */,
			);
			path = ReorderDemoUITests;
			sourceTree = "<group>";
		};
		BE225D612B7E88EA00B3BDA1 /* ReorderDemo */ = {
			isa = PBXGroup;
			children = (
				BE225D622B7E88EA00B3BDA1 /* Persistence.swift */,
				BE225D632B7E88EA00B3BDA1 /* Assets.xcassets */,
				BE225D642B7E88EA00B3BDA1 /* Preview Content */,
				BE225D682B7E88EA00B3BDA1 /* ReorderDemoApp.swift */,
				BE1C548D2B7E8EB200F597AE /* ReorderDemo.xcdatamodeld */,
				BE225D692B7E88EA00B3BDA1 /* ContentView.swift */,
				BE67CBEC2B84006400EFA590 /* Seeder.swift */,
			);
			path = ReorderDemo;
			sourceTree = "<group>";
		};
		BE225D642B7E88EA00B3BDA1 /* Preview Content */ = {
			isa = PBXGroup;
			children = (
				BE225D652B7E88EA00B3BDA1 /* Preview Assets.xcassets */,
			);
			path = "Preview Content";
			sourceTree = "<group>";
		};
		BECA1D6E2B7C0D4D001D51FF = {
			isa = PBXGroup;
			children = (
				BEDEFB122B7E800200286BE3 /* README.md */,
				BE225D612B7E88EA00B3BDA1 /* ReorderDemo */,
				BE1C547F2B7E8B8C00F597AE /* ReorderDemoTests */,
				BE1C54812B7E8B8C00F597AE /* ReorderDemoUITests */,
				BECA1D782B7C0D4D001D51FF /* Products */,
			);
			sourceTree = "<group>";
		};
		BECA1D782B7C0D4D001D51FF /* Products */ = {
			isa = PBXGroup;
			children = (
				BECA1D772B7C0D4D001D51FF /* ReorderDemo.app */,
				BECA1D8C2B7C0D4E001D51FF /* ReorderDemoTests.xctest */,
				BECA1D962B7C0D4E001D51FF /* ReorderDemoUITests.xctest */,
			);
			name = Products;
			sourceTree = "<group>";
		};
/* End PBXGroup section */

/* Begin PBXNativeTarget section */
		BECA1D762B7C0D4D001D51FF /* ReorderDemo */ = {
			isa = PBXNativeTarget;
			buildConfigurationList = BECA1DA02B7C0D4E001D51FF /* Build configuration list for PBXNativeTarget "ReorderDemo" */;
			buildPhases = (
				BECA1D732B7C0D4D001D51FF /* Sources */,
				BECA1D742B7C0D4D001D51FF /* Frameworks */,
				BECA1D752B7C0D4D001D51FF /* Resources */,
			);
			buildRules = (
			);
			dependencies = (
			);
			name = ReorderDemo;
			productName = ReorderDemo;
			productReference = BECA1D772B7C0D4D001D51FF /* ReorderDemo.app */;
			productType = "com.apple.product-type.application";
		};
		BECA1D8B2B7C0D4E001D51FF /* ReorderDemoTests */ = {
			isa = PBXNativeTarget;
			buildConfigurationList = BECA1DA32B7C0D4E001D51FF /* Build configuration list for PBXNativeTarget "ReorderDemoTests" */;
			buildPhases = (
				BECA1D882B7C0D4E001D51FF /* Sources */,
				BECA1D892B7C0D4E001D51FF /* Frameworks */,
				BECA1D8A2B7C0D4E001D51FF /* Resources */,
			);
			buildRules = (
			);
			dependencies = (
				BECA1D8E2B7C0D4E001D51FF /* PBXTargetDependency */,
			);
			name = ReorderDemoTests;
			productName = ReorderDemoTests;
			productReference = BECA1D8C2B7C0D4E001D51FF /* ReorderDemoTests.xctest */;
			productType = "com.apple.product-type.bundle.unit-test";
		};
		BECA1D952B7C0D4E001D51FF /* ReorderDemoUITests */ = {
			isa = PBXNativeTarget;
			buildConfigurationList = BECA1DA62B7C0D4E001D51FF /* Build configuration list for PBXNativeTarget "ReorderDemoUITests" */;
			buildPhases = (
				BECA1D922B7C0D4E001D51FF /* Sources */,
				BECA1D932B7C0D4E001D51FF /* Frameworks */,
				BECA1D942B7C0D4E001D51FF /* Resources */,
			);
			buildRules = (
			);
			dependencies = (
				BECA1D982B7C0D4E001D51FF /* PBXTargetDependency */,
			);
			name = ReorderDemoUITests;
			productName = ReorderDemoUITests;
			productReference = BECA1D962B7C0D4E001D51FF /* ReorderDemoUITests.xctest */;
			productType = "com.apple.product-type.bundle.ui-testing";
		};
/* End PBXNativeTarget section */

/* Begin PBXProject section */
		BECA1D6F2B7C0D4D001D51FF /* Project object */ = {
			isa = PBXProject;
			attributes = {
				BuildIndependentTargetsInParallel = 1;
				LastSwiftUpdateCheck = 1520;
				LastUpgradeCheck = 1520;
				TargetAttributes = {
					BECA1D762B7C0D4D001D51FF = {
						CreatedOnToolsVersion = 15.2;
					};
					BECA1D8B2B7C0D4E001D51FF = {
						CreatedOnToolsVersion = 15.2;
						TestTargetID = BECA1D762B7C0D4D001D51FF;
					};
					BECA1D952B7C0D4E001D51FF = {
						CreatedOnToolsVersion = 15.2;
						TestTargetID = BECA1D762B7C0D4D001D51FF;
					};
				};
			};
			buildConfigurationList = BECA1D722B7C0D4D001D51FF /* Build configuration list for PBXProject "ReorderDemo" */;
			compatibilityVersion = "Xcode 14.0";
			developmentRegion = en;
			hasScannedForEncodings = 0;
			knownRegions = (
				en,
				Base,
			);
			mainGroup = BECA1D6E2B7C0D4D001D51FF;
			productRefGroup = BECA1D782B7C0D4D001D51FF /* Products */;
			projectDirPath = "";
			projectRoot = "";
			targets = (
				BECA1D762B7C0D4D001D51FF /* ReorderDemo */,
				BECA1D8B2B7C0D4E001D51FF /* ReorderDemoTests */,
				BECA1D952B7C0D4E001D51FF /* ReorderDemoUITests */,
			);
		};
/* End PBXProject section */

/* Begin PBXResourcesBuildPhase section */
		BECA1D752B7C0D4D001D51FF /* Resources */ = {
			isa = PBXResourcesBuildPhase;
			buildActionMask = 2147483647;
			files = (
				BE1C54882B7E8E1C00F597AE /* Assets.xcassets in Resources */,
			);
			runOnlyForDeploymentPostprocessing = 0;
		};
		BECA1D8A2B7C0D4E001D51FF /* Resources */ = {
			isa = PBXResourcesBuildPhase;
			buildActionMask = 2147483647;
			files = (
			);
			runOnlyForDeploymentPostprocessing = 0;
		};
		BECA1D942B7C0D4E001D51FF /* Resources */ = {
			isa = PBXResourcesBuildPhase;
			buildActionMask = 2147483647;
			files = (
			);
			runOnlyForDeploymentPostprocessing = 0;
		};
/* End PBXResourcesBuildPhase section */

/* Begin PBXSourcesBuildPhase section */
		BECA1D732B7C0D4D001D51FF /* Sources */ = {
			isa = PBXSourcesBuildPhase;
			buildActionMask = 2147483647;
			files = (
				BE67CBED2B84006400EFA590 /* Seeder.swift in Sources */,
				BE1C548F2B7E8ED800F597AE /* ReorderDemo.xcdatamodeld in Sources */,
				BE1C54872B7E8E1800F597AE /* Persistence.swift in Sources */,
				BE1C54862B7E8E1800F597AE /* ReorderDemoApp.swift in Sources */,
				BE1C54852B7E8E1800F597AE /* ContentView.swift in Sources */,
			);
			runOnlyForDeploymentPostprocessing = 0;
		};
		BECA1D882B7C0D4E001D51FF /* Sources */ = {
			isa = PBXSourcesBuildPhase;
			buildActionMask = 2147483647;
			files = (
				BE1C548A2B7E8E2E00F597AE /* HealthAppTests.swift in Sources */,
			);
			runOnlyForDeploymentPostprocessing = 0;
		};
		BECA1D922B7C0D4E001D51FF /* Sources */ = {
			isa = PBXSourcesBuildPhase;
			buildActionMask = 2147483647;
			files = (
				BE1C548C2B7E8E3400F597AE /* HealthAppUITestsLaunchTests.swift in Sources */,
				BE1C548B2B7E8E3400F597AE /* HealthAppUITests.swift in Sources */,
			);
			runOnlyForDeploymentPostprocessing = 0;
		};
/* End PBXSourcesBuildPhase section */

/* Begin PBXTargetDependency section */
		BECA1D8E2B7C0D4E001D51FF /* PBXTargetDependency */ = {
			isa = PBXTargetDependency;
			target = BECA1D762B7C0D4D001D51FF /* ReorderDemo */;
			targetProxy = BECA1D8D2B7C0D4E001D51FF /* PBXContainerItemProxy */;
		};
		BECA1D982B7C0D4E001D51FF /* PBXTargetDependency */ = {
			isa = PBXTargetDependency;
			target = BECA1D762B7C0D4D001D51FF /* ReorderDemo */;
			targetProxy = BECA1D972B7C0D4E001D51FF /* PBXContainerItemProxy */;
		};
/* End PBXTargetDependency section */

/* Begin XCBuildConfiguration section */
		BECA1D9E2B7C0D4E001D51FF /* Debug */ = {
			isa = XCBuildConfiguration;
			buildSettings = {
				ALWAYS_SEARCH_USER_PATHS = NO;
				ASSETCATALOG_COMPILER_GENERATE_SWIFT_ASSET_SYMBOL_EXTENSIONS = YES;
				CLANG_ANALYZER_NONNULL = YES;
				CLANG_ANALYZER_NUMBER_OBJECT_CONVERSION = YES_AGGRESSIVE;
				CLANG_CXX_LANGUAGE_STANDARD = "gnu++20";
				CLANG_ENABLE_MODULES = YES;
				CLANG_ENABLE_OBJC_ARC = YES;
				CLANG_ENABLE_OBJC_WEAK = YES;
				CLANG_WARN_BLOCK_CAPTURE_AUTORELEASING = YES;
				CLANG_WARN_BOOL_CONVERSION = YES;
				CLANG_WARN_COMMA = YES;
				CLANG_WARN_CONSTANT_CONVERSION = YES;
				CLANG_WARN_DEPRECATED_OBJC_IMPLEMENTATIONS = YES;
				CLANG_WARN_DIRECT_OBJC_ISA_USAGE = YES_ERROR;
				CLANG_WARN_DOCUMENTATION_COMMENTS = YES;
				CLANG_WARN_EMPTY_BODY = YES;
				CLANG_WARN_ENUM_CONVERSION = YES;
				CLANG_WARN_INFINITE_RECURSION = YES;
				CLANG_WARN_INT_CONVERSION = YES;
				CLANG_WARN_NON_LITERAL_NULL_CONVERSION = YES;
				CLANG_WARN_OBJC_IMPLICIT_RETAIN_SELF = YES;
				CLANG_WARN_OBJC_LITERAL_CONVERSION = YES;
				CLANG_WARN_OBJC_ROOT_CLASS = YES_ERROR;
				CLANG_WARN_QUOTED_INCLUDE_IN_FRAMEWORK_HEADER = YES;
				CLANG_WARN_RANGE_LOOP_ANALYSIS = YES;
				CLANG_WARN_STRICT_PROTOTYPES = YES;
				CLANG_WARN_SUSPICIOUS_MOVE = YES;
				CLANG_WARN_UNGUARDED_AVAILABILITY = YES_AGGRESSIVE;
				CLANG_WARN_UNREACHABLE_CODE = YES;
				CLANG_WARN__DUPLICATE_METHOD_MATCH = YES;
				COPY_PHASE_STRIP = NO;
				DEBUG_INFORMATION_FORMAT = dwarf;
				ENABLE_STRICT_OBJC_MSGSEND = YES;
				ENABLE_TESTABILITY = YES;
				ENABLE_USER_SCRIPT_SANDBOXING = YES;
				GCC_C_LANGUAGE_STANDARD = gnu17;
				GCC_DYNAMIC_NO_PIC = NO;
				GCC_NO_COMMON_BLOCKS = YES;
				GCC_OPTIMIZATION_LEVEL = 0;
				GCC_PREPROCESSOR_DEFINITIONS = (
					"DEBUG=1",
					"$(inherited)",
				);
				GCC_WARN_64_TO_32_BIT_CONVERSION = YES;
				GCC_WARN_ABOUT_RETURN_TYPE = YES_ERROR;
				GCC_WARN_UNDECLARED_SELECTOR = YES;
				GCC_WARN_UNINITIALIZED_AUTOS = YES_AGGRESSIVE;
				GCC_WARN_UNUSED_FUNCTION = YES;
				GCC_WARN_UNUSED_VARIABLE = YES;
				IPHONEOS_DEPLOYMENT_TARGET = 17.2;
				LOCALIZATION_PREFERS_STRING_CATALOGS = YES;
				MTL_ENABLE_DEBUG_INFO = INCLUDE_SOURCE;
				MTL_FAST_MATH = YES;
				ONLY_ACTIVE_ARCH = YES;
				SDKROOT = iphoneos;
				SWIFT_ACTIVE_COMPILATION_CONDITIONS = "DEBUG $(inherited)";
				SWIFT_OPTIMIZATION_LEVEL = "-Onone";
			};
			name = Debug;
		};
		BECA1D9F2B7C0D4E001D51FF /* Release */ = {
			isa = XCBuildConfiguration;
			buildSettings = {
				ALWAYS_SEARCH_USER_PATHS = NO;
				ASSETCATALOG_COMPILER_GENERATE_SWIFT_ASSET_SYMBOL_EXTENSIONS = YES;
				CLANG_ANALYZER_NONNULL = YES;
				CLANG_ANALYZER_NUMBER_OBJECT_CONVERSION = YES_AGGRESSIVE;
				CLANG_CXX_LANGUAGE_STANDARD = "gnu++20";
				CLANG_ENABLE_MODULES = YES;
				CLANG_ENABLE_OBJC_ARC = YES;
				CLANG_ENABLE_OBJC_WEAK = YES;
				CLANG_WARN_BLOCK_CAPTURE_AUTORELEASING = YES;
				CLANG_WARN_BOOL_CONVERSION = YES;
				CLANG_WARN_COMMA = YES;
				CLANG_WARN_CONSTANT_CONVERSION = YES;
				CLANG_WARN_DEPRECATED_OBJC_IMPLEMENTATIONS = YES;
				CLANG_WARN_DIRECT_OBJC_ISA_USAGE = YES_ERROR;
				CLANG_WARN_DOCUMENTATION_COMMENTS = YES;
				CLANG_WARN_EMPTY_BODY = YES;
				CLANG_WARN_ENUM_CONVERSION = YES;
				CLANG_WARN_INFINITE_RECURSION = YES;
				CLANG_WARN_INT_CONVERSION = YES;
				CLANG_WARN_NON_LITERAL_NULL_CONVERSION = YES;
				CLANG_WARN_OBJC_IMPLICIT_RETAIN_SELF = YES;
				CLANG_WARN_OBJC_LITERAL_CONVERSION = YES;
				CLANG_WARN_OBJC_ROOT_CLASS = YES_ERROR;
				CLANG_WARN_QUOTED_INCLUDE_IN_FRAMEWORK_HEADER = YES;
				CLANG_WARN_RANGE_LOOP_ANALYSIS = YES;
				CLANG_WARN_STRICT_PROTOTYPES = YES;
				CLANG_WARN_SUSPICIOUS_MOVE = YES;
				CLANG_WARN_UNGUARDED_AVAILABILITY = YES_AGGRESSIVE;
				CLANG_WARN_UNREACHABLE_CODE = YES;
				CLANG_WARN__DUPLICATE_METHOD_MATCH = YES;
				COPY_PHASE_STRIP = NO;
				DEBUG_INFORMATION_FORMAT = "dwarf-with-dsym";
				ENABLE_NS_ASSERTIONS = NO;
				ENABLE_STRICT_OBJC_MSGSEND = YES;
				ENABLE_USER_SCRIPT_SANDBOXING = YES;
				GCC_C_LANGUAGE_STANDARD = gnu17;
				GCC_NO_COMMON_BLOCKS = YES;
				GCC_WARN_64_TO_32_BIT_CONVERSION = YES;
				GCC_WARN_ABOUT_RETURN_TYPE = YES_ERROR;
				GCC_WARN_UNDECLARED_SELECTOR = YES;
				GCC_WARN_UNINITIALIZED_AUTOS = YES_AGGRESSIVE;
				GCC_WARN_UNUSED_FUNCTION = YES;
				GCC_WARN_UNUSED_VARIABLE = YES;
				IPHONEOS_DEPLOYMENT_TARGET = 17.2;
				LOCALIZATION_PREFERS_STRING_CATALOGS = YES;
				MTL_ENABLE_DEBUG_INFO = NO;
				MTL_FAST_MATH = YES;
				SDKROOT = iphoneos;
				SWIFT_COMPILATION_MODE = wholemodule;
				VALIDATE_PRODUCT = YES;
			};
			name = Release;
		};
		BECA1DA12B7C0D4E001D51FF /* Debug */ = {
			isa = XCBuildConfiguration;
			buildSettings = {
				ASSETCATALOG_COMPILER_APPICON_NAME = AppIcon;
				ASSETCATALOG_COMPILER_GLOBAL_ACCENT_COLOR_NAME = AccentColor;
				CODE_SIGN_STYLE = Automatic;
				CURRENT_PROJECT_VERSION = 1;
				DEVELOPMENT_ASSET_PATHS = "\"ReorderDemo/Preview Content\"";
				DEVELOPMENT_TEAM = 346T88G4T8;
				ENABLE_PREVIEWS = YES;
				GENERATE_INFOPLIST_FILE = YES;
				INFOPLIST_KEY_UIApplicationSceneManifest_Generation = YES;
				INFOPLIST_KEY_UIApplicationSupportsIndirectInputEvents = YES;
				INFOPLIST_KEY_UILaunchScreen_Generation = YES;
				INFOPLIST_KEY_UISupportedInterfaceOrientations_iPad = "UIInterfaceOrientationPortrait UIInterfaceOrientationPortraitUpsideDown UIInterfaceOrientationLandscapeLeft UIInterfaceOrientationLandscapeRight";
				INFOPLIST_KEY_UISupportedInterfaceOrientations_iPhone = "UIInterfaceOrientationPortrait UIInterfaceOrientationLandscapeLeft UIInterfaceOrientationLandscapeRight";
				LD_RUNPATH_SEARCH_PATHS = (
					"$(inherited)",
					"@executable_path/Frameworks",
				);
				MARKETING_VERSION = 1.0;
				PRODUCT_BUNDLE_IDENTIFIER = com.willbraynen.ReorderDemo;
				PRODUCT_NAME = "$(TARGET_NAME)";
				SWIFT_EMIT_LOC_STRINGS = YES;
				SWIFT_VERSION = 5.0;
				TARGETED_DEVICE_FAMILY = "1,2";
			};
			name = Debug;
		};
		BECA1DA22B7C0D4E001D51FF /* Release */ = {
			isa = XCBuildConfiguration;
			buildSettings = {
				ASSETCATALOG_COMPILER_APPICON_NAME = AppIcon;
				ASSETCATALOG_COMPILER_GLOBAL_ACCENT_COLOR_NAME = AccentColor;
				CODE_SIGN_STYLE = Automatic;
				CURRENT_PROJECT_VERSION = 1;
				DEVELOPMENT_ASSET_PATHS = "\"ReorderDemo/Preview Content\"";
				DEVELOPMENT_TEAM = 346T88G4T8;
				ENABLE_PREVIEWS = YES;
				GENERATE_INFOPLIST_FILE = YES;
				INFOPLIST_KEY_UIApplicationSceneManifest_Generation = YES;
				INFOPLIST_KEY_UIApplicationSupportsIndirectInputEvents = YES;
				INFOPLIST_KEY_UILaunchScreen_Generation = YES;
				INFOPLIST_KEY_UISupportedInterfaceOrientations_iPad = "UIInterfaceOrientationPortrait UIInterfaceOrientationPortraitUpsideDown UIInterfaceOrientationLandscapeLeft UIInterfaceOrientationLandscapeRight";
				INFOPLIST_KEY_UISupportedInterfaceOrientations_iPhone = "UIInterfaceOrientationPortrait UIInterfaceOrientationLandscapeLeft UIInterfaceOrientationLandscapeRight";
				LD_RUNPATH_SEARCH_PATHS = (
					"$(inherited)",
					"@executable_path/Frameworks",
				);
				MARKETING_VERSION = 1.0;
				PRODUCT_BUNDLE_IDENTIFIER = com.willbraynen.ReorderDemo;
				PRODUCT_NAME = "$(TARGET_NAME)";
				SWIFT_EMIT_LOC_STRINGS = YES;
				SWIFT_VERSION = 5.0;
				TARGETED_DEVICE_FAMILY = "1,2";
			};
			name = Release;
		};
		BECA1DA42B7C0D4E001D51FF /* Debug */ = {
			isa = XCBuildConfiguration;
			buildSettings = {
				ALWAYS_EMBED_SWIFT_STANDARD_LIBRARIES = YES;
				BUNDLE_LOADER = "$(TEST_HOST)";
				CODE_SIGN_STYLE = Automatic;
				CURRENT_PROJECT_VERSION = 1;
				DEVELOPMENT_TEAM = 346T88G4T8;
				GENERATE_INFOPLIST_FILE = YES;
				IPHONEOS_DEPLOYMENT_TARGET = 17.2;
				MARKETING_VERSION = 1.0;
				PRODUCT_BUNDLE_IDENTIFIER = com.example.ReorderDemoTests;
				PRODUCT_NAME = "$(TARGET_NAME)";
				SWIFT_EMIT_LOC_STRINGS = NO;
				SWIFT_VERSION = 5.0;
				TARGETED_DEVICE_FAMILY = "1,2";
				TEST_HOST = "$(BUILT_PRODUCTS_DIR)/ReorderDemo.app/$(BUNDLE_EXECUTABLE_FOLDER_PATH)/ReorderDemo";
			};
			name = Debug;
		};
		BECA1DA52B7C0D4E001D51FF /* Release */ = {
			isa = XCBuildConfiguration;
			buildSettings = {
				ALWAYS_EMBED_SWIFT_STANDARD_LIBRARIES = YES;
				BUNDLE_LOADER = "$(TEST_HOST)";
				CODE_SIGN_STYLE = Automatic;
				CURRENT_PROJECT_VERSION = 1;
				DEVELOPMENT_TEAM = 346T88G4T8;
				GENERATE_INFOPLIST_FILE = YES;
				IPHONEOS_DEPLOYMENT_TARGET = 17.2;
				MARKETING_VERSION = 1.0;
				PRODUCT_BUNDLE_IDENTIFIER = com.example.ReorderDemoTests;
				PRODUCT_NAME = "$(TARGET_NAME)";
				SWIFT_EMIT_LOC_STRINGS = NO;
				SWIFT_VERSION = 5.0;
				TARGETED_DEVICE_FAMILY = "1,2";
				TEST_HOST = "$(BUILT_PRODUCTS_DIR)/ReorderDemo.app/$(BUNDLE_EXECUTABLE_FOLDER_PATH)/ReorderDemo";
			};
			name = Release;
		};
		BECA1DA72B7C0D4E001D51FF /* Debug */ = {
			isa = XCBuildConfiguration;
			buildSettings = {
				ALWAYS_EMBED_SWIFT_STANDARD_LIBRARIES = YES;
				CODE_SIGN_STYLE = Automatic;
				CURRENT_PROJECT_VERSION = 1;
				DEVELOPMENT_TEAM = 346T88G4T8;
				GENERATE_INFOPLIST_FILE = YES;
				MARKETING_VERSION = 1.0;
				PRODUCT_BUNDLE_IDENTIFIER = com.example.ReorderDemoUITests;
				PRODUCT_NAME = "$(TARGET_NAME)";
				SWIFT_EMIT_LOC_STRINGS = NO;
				SWIFT_VERSION = 5.0;
				TARGETED_DEVICE_FAMILY = "1,2";
				TEST_TARGET_NAME = ReorderDemo;
			};
			name = Debug;
		};
		BECA1DA82B7C0D4E001D51FF /* Release */ = {
			isa = XCBuildConfiguration;
			buildSettings = {
				ALWAYS_EMBED_SWIFT_STANDARD_LIBRARIES = YES;
				CODE_SIGN_STYLE = Automatic;
				CURRENT_PROJECT_VERSION = 1;
				DEVELOPMENT_TEAM = 346T88G4T8;
				GENERATE_INFOPLIST_FILE = YES;
				MARKETING_VERSION = 1.0;
				PRODUCT_BUNDLE_IDENTIFIER = com.example.ReorderDemoUITests;
				PRODUCT_NAME = "$(TARGET_NAME)";
				SWIFT_EMIT_LOC_STRINGS = NO;
				SWIFT_VERSION = 5.0;
				TARGETED_DEVICE_FAMILY = "1,2";
				TEST_TARGET_NAME = ReorderDemo;
			};
			name = Release;
		};
/* End XCBuildConfiguration section */

/* Begin XCConfigurationList section */
		BECA1D722B7C0D4D001D51FF /* Build configuration list for PBXProject "ReorderDemo" */ = {
			isa = XCConfigurationList;
			buildConfigurations = (
				BECA1D9E2B7C0D4E001D51FF /* Debug */,
				BECA1D9F2B7C0D4E001D51FF /* Release */,
			);
			defaultConfigurationIsVisible = 0;
			defaultConfigurationName = Release;
		};
		BECA1DA02B7C0D4E001D51FF /* Build configuration list for PBXNativeTarget "ReorderDemo" */ = {
			isa = XCConfigurationList;
			buildConfigurations = (
				BECA1DA12B7C0D4E001D51FF /* Debug */,
				BECA1DA22B7C0D4E001D51FF /* Release */,
			);
			defaultConfigurationIsVisible = 0;
			defaultConfigurationName = Release;
		};
		BECA1DA32B7C0D4E001D51FF /* Build configuration list for PBXNativeTarget "ReorderDemoTests" */ = {
			isa = XCConfigurationList;
			buildConfigurations = (
				BECA1DA42B7C0D4E001D51FF /* Debug */,
				BECA1DA52B7C0D4E001D51FF /* Release */,
			);
			defaultConfigurationIsVisible = 0;
			defaultConfigurationName = Release;
		};
		BECA1DA62B7C0D4E001D51FF /* Build configuration list for PBXNativeTarget "ReorderDemoUITests" */ = {
			isa = XCConfigurationList;
			buildConfigurations = (
				BECA1DA72B7C0D4E001D51FF /* Debug */,
				BECA1DA82B7C0D4E001D51FF /* Release */,
			);
			defaultConfigurationIsVisible = 0;
			defaultConfigurationName = Release;
		};
/* End XCConfigurationList section */

/* Begin XCVersionGroup section */
		BE1C548D2B7E8EB200F597AE /* ReorderDemo.xcdatamodeld */ = {
			isa = XCVersionGroup;
			children = (
				BE1C548E2B7E8EB200F597AE /* ReorderDemo.xcdatamodel */,
			);
			currentVersion = BE1C548E2B7E8EB200F597AE /* ReorderDemo.xcdatamodel */;
			path = ReorderDemo.xcdatamodeld;
			sourceTree = SOURCE_ROOT;
			versionGroupType = wrapper.xcdatamodel;
		};
/* End XCVersionGroup section */
	};
	rootObject = BECA1D6F2B7C0D4D001D51FF /* Project object */;
}
